// !$*UTF8*$!
{
	archiveVersion = 1;
	classes = {
	};
	objectVersion = 46;
	objects = {

/* Begin PBXBuildFile section */
		6D4753D2EF41132AB32E5B61 /* Pods_MyApp.framework in Frameworks */ = {isa = PBXBuildFile; fileRef = FAB31DACD7E10E885C7470DF /* Pods_MyApp.framework */; };
		8E4670DB417889AD14B104CC /* Pods_MyAppTests.framework in Frameworks */ = {isa = PBXBuildFile; fileRef = D98F75EAE44A2E71DD9B9E3D /* Pods_MyAppTests.framework */; };
		D4C41BB41D35FBF200F2D5F0 /* AppDelegate.swift in Sources */ = {isa = PBXBuildFile; fileRef = D4C41BB31D35FBF200F2D5F0 /* AppDelegate.swift */; };
		D4C41BB61D35FBF300F2D5F0 /* FirstViewController.swift in Sources */ = {isa = PBXBuildFile; fileRef = D4C41BB51D35FBF300F2D5F0 /* FirstViewController.swift */; };
		D4C41BB81D35FBF300F2D5F0 /* SecondViewController.swift in Sources */ = {isa = PBXBuildFile; fileRef = D4C41BB71D35FBF300F2D5F0 /* SecondViewController.swift */; };
		D4C41BBB1D35FBF300F2D5F0 /* Main.storyboard in Resources */ = {isa = PBXBuildFile; fileRef = D4C41BB91D35FBF300F2D5F0 /* Main.storyboard */; };
		D4C41BBD1D35FBF300F2D5F0 /* Assets.xcassets in Resources */ = {isa = PBXBuildFile; fileRef = D4C41BBC1D35FBF300F2D5F0 /* Assets.xcassets */; };
		D4C41BC01D35FBF300F2D5F0 /* LaunchScreen.storyboard in Resources */ = {isa = PBXBuildFile; fileRef = D4C41BBE1D35FBF300F2D5F0 /* LaunchScreen.storyboard */; };
		D4C41BCB1D35FBF300F2D5F0 /* MyAppTests.swift in Sources */ = {isa = PBXBuildFile; fileRef = D4C41BCA1D35FBF300F2D5F0 /* MyAppTests.swift */; };
		D4C41BD61D35FBF300F2D5F0 /* MyAppUITests.swift in Sources */ = {isa = PBXBuildFile; fileRef = D4C41BD51D35FBF300F2D5F0 /* MyAppUITests.swift */; };
		E33B9A4E1732FDE5B800A9B9 /* Pods_MyAppUITests.framework in Frameworks */ = {isa = PBXBuildFile; fileRef = 4C6089017A421D678E425A1C /* Pods_MyAppUITests.framework */; };
/* End PBXBuildFile section */

/* Begin PBXContainerItemProxy section */
		D4C41BC71D35FBF300F2D5F0 /* PBXContainerItemProxy */ = {
			isa = PBXContainerItemProxy;
			containerPortal = D4C41BA81D35FBF200F2D5F0 /* Project object */;
			proxyType = 1;
			remoteGlobalIDString = D4C41BAF1D35FBF200F2D5F0;
			remoteInfo = MyApp;
		};
		D4C41BD21D35FBF300F2D5F0 /* PBXContainerItemProxy */ = {
			isa = PBXContainerItemProxy;
			containerPortal = D4C41BA81D35FBF200F2D5F0 /* Project object */;
			proxyType = 1;
			remoteGlobalIDString = D4C41BAF1D35FBF200F2D5F0;
			remoteInfo = MyApp;
		};
/* End PBXContainerItemProxy section */

/* Begin PBXFileReference section */
		024C6D984A857B1AE0962C39 /* Pods-MyApp.debug.xcconfig */ = {isa = PBXFileReference; includeInIndex = 1; lastKnownFileType = text.xcconfig; name = "Pods-MyApp.debug.xcconfig"; path = "Pods/Target Support Files/Pods-MyApp/Pods-MyApp.debug.xcconfig"; sourceTree = "<group>"; };
		3779C07F3BBFB148D7751538 /* Pods-MyApp.release.xcconfig */ = {isa = PBXFileReference; includeInIndex = 1; lastKnownFileType = text.xcconfig; name = "Pods-MyApp.release.xcconfig"; path = "Pods/Target Support Files/Pods-MyApp/Pods-MyApp.release.xcconfig"; sourceTree = "<group>"; };
		4248F758992169CEC2C1B16A /* Pods-MyAppTests.release.xcconfig */ = {isa = PBXFileReference; includeInIndex = 1; lastKnownFileType = text.xcconfig; name = "Pods-MyAppTests.release.xcconfig"; path = "Pods/Target Support Files/Pods-MyAppTests/Pods-MyAppTests.release.xcconfig"; sourceTree = "<group>"; };
		4C6089017A421D678E425A1C /* Pods_MyAppUITests.framework */ = {isa = PBXFileReference; explicitFileType = wrapper.framework; includeInIndex = 0; path = Pods_MyAppUITests.framework; sourceTree = BUILT_PRODUCTS_DIR; };
		5793E5F66751CA19E6094DFA /* Pods-MyAppUITests.debug.xcconfig */ = {isa = PBXFileReference; includeInIndex = 1; lastKnownFileType = text.xcconfig; name = "Pods-MyAppUITests.debug.xcconfig"; path = "Pods/Target Support Files/Pods-MyAppUITests/Pods-MyAppUITests.debug.xcconfig"; sourceTree = "<group>"; };
		8FC80CFCB62C5293780CC195 /* Pods-MyAppTests.debug.xcconfig */ = {isa = PBXFileReference; includeInIndex = 1; lastKnownFileType = text.xcconfig; name = "Pods-MyAppTests.debug.xcconfig"; path = "Pods/Target Support Files/Pods-MyAppTests/Pods-MyAppTests.debug.xcconfig"; sourceTree = "<group>"; };
		D4C41BB01D35FBF200F2D5F0 /* MyApp.app */ = {isa = PBXFileReference; explicitFileType = wrapper.application; includeInIndex = 0; path = MyApp.app; sourceTree = BUILT_PRODUCTS_DIR; };
		D4C41BB31D35FBF200F2D5F0 /* AppDelegate.swift */ = {isa = PBXFileReference; lastKnownFileType = sourcecode.swift; path = AppDelegate.swift; sourceTree = "<group>"; };
		D4C41BB51D35FBF300F2D5F0 /* FirstViewController.swift */ = {isa = PBXFileReference; lastKnownFileType = sourcecode.swift; path = FirstViewController.swift; sourceTree = "<group>"; };
		D4C41BB71D35FBF300F2D5F0 /* SecondViewController.swift */ = {isa = PBXFileReference; lastKnownFileType = sourcecode.swift; path = SecondViewController.swift; sourceTree = "<group>"; };
		D4C41BBA1D35FBF300F2D5F0 /* Base */ = {isa = PBXFileReference; lastKnownFileType = file.storyboard; name = Base; path = Base.lproj/Main.storyboard; sourceTree = "<group>"; };
		D4C41BBC1D35FBF300F2D5F0 /* Assets.xcassets */ = {isa = PBXFileReference; lastKnownFileType = folder.assetcatalog; path = Assets.xcassets; sourceTree = "<group>"; };
		D4C41BBF1D35FBF300F2D5F0 /* Base */ = {isa = PBXFileReference; lastKnownFileType = file.storyboard; name = Base; path = Base.lproj/LaunchScreen.storyboard; sourceTree = "<group>"; };
		D4C41BC11D35FBF300F2D5F0 /* Info.plist */ = {isa = PBXFileReference; lastKnownFileType = text.plist.xml; path = Info.plist; sourceTree = "<group>"; };
		D4C41BC61D35FBF300F2D5F0 /* MyAppTests.xctest */ = {isa = PBXFileReference; explicitFileType = wrapper.cfbundle; includeInIndex = 0; path = MyAppTests.xctest; sourceTree = BUILT_PRODUCTS_DIR; };
		D4C41BCA1D35FBF300F2D5F0 /* MyAppTests.swift */ = {isa = PBXFileReference; lastKnownFileType = sourcecode.swift; path = MyAppTests.swift; sourceTree = "<group>"; };
		D4C41BCC1D35FBF300F2D5F0 /* Info.plist */ = {isa = PBXFileReference; lastKnownFileType = text.plist.xml; path = Info.plist; sourceTree = "<group>"; };
		D4C41BD11D35FBF300F2D5F0 /* MyAppUITests.xctest */ = {isa = PBXFileReference; explicitFileType = wrapper.cfbundle; includeInIndex = 0; path = MyAppUITests.xctest; sourceTree = BUILT_PRODUCTS_DIR; };
		D4C41BD51D35FBF300F2D5F0 /* MyAppUITests.swift */ = {isa = PBXFileReference; lastKnownFileType = sourcecode.swift; path = MyAppUITests.swift; sourceTree = "<group>"; };
		D4C41BD71D35FBF300F2D5F0 /* Info.plist */ = {isa = PBXFileReference; lastKnownFileType = text.plist.xml; path = Info.plist; sourceTree = "<group>"; };
		D5EB0C6F33E23BFC1878AFF6 /* Pods-MyAppUITests.release.xcconfig */ = {isa = PBXFileReference; includeInIndex = 1; lastKnownFileType = text.xcconfig; name = "Pods-MyAppUITests.release.xcconfig"; path = "Pods/Target Support Files/Pods-MyAppUITests/Pods-MyAppUITests.release.xcconfig"; sourceTree = "<group>"; };
		D98F75EAE44A2E71DD9B9E3D /* Pods_MyAppTests.framework */ = {isa = PBXFileReference; explicitFileType = wrapper.framework; includeInIndex = 0; path = Pods_MyAppTests.framework; sourceTree = BUILT_PRODUCTS_DIR; };
		FAB31DACD7E10E885C7470DF /* Pods_MyApp.framework */ = {isa = PBXFileReference; explicitFileType = wrapper.framework; includeInIndex = 0; path = Pods_MyApp.framework; sourceTree = BUILT_PRODUCTS_DIR; };
/* End PBXFileReference section */

/* Begin PBXFrameworksBuildPhase section */
		D4C41BAD1D35FBF200F2D5F0 /* Frameworks */ = {
			isa = PBXFrameworksBuildPhase;
			buildActionMask = 2147483647;
			files = (
				6D4753D2EF41132AB32E5B61 /* Pods_MyApp.framework in Frameworks */,
			);
			runOnlyForDeploymentPostprocessing = 0;
		};
		D4C41BC31D35FBF300F2D5F0 /* Frameworks */ = {
			isa = PBXFrameworksBuildPhase;
			buildActionMask = 2147483647;
			files = (
				8E4670DB417889AD14B104CC /* Pods_MyAppTests.framework in Frameworks */,
			);
			runOnlyForDeploymentPostprocessing = 0;
		};
		D4C41BCE1D35FBF300F2D5F0 /* Frameworks */ = {
			isa = PBXFrameworksBuildPhase;
			buildActionMask = 2147483647;
			files = (
				E33B9A4E1732FDE5B800A9B9 /* Pods_MyAppUITests.framework in Frameworks */,
			);
			runOnlyForDeploymentPostprocessing = 0;
		};
/* End PBXFrameworksBuildPhase section */

/* Begin PBXGroup section */
		9F73326F676991703980437F /* Pods */ = {
			isa = PBXGroup;
			children = (
				024C6D984A857B1AE0962C39 /* Pods-MyApp.debug.xcconfig */,
				3779C07F3BBFB148D7751538 /* Pods-MyApp.release.xcconfig */,
				8FC80CFCB62C5293780CC195 /* Pods-MyAppTests.debug.xcconfig */,
				4248F758992169CEC2C1B16A /* Pods-MyAppTests.release.xcconfig */,
				5793E5F66751CA19E6094DFA /* Pods-MyAppUITests.debug.xcconfig */,
				D5EB0C6F33E23BFC1878AFF6 /* Pods-MyAppUITests.release.xcconfig */,
			);
			name = Pods;
			sourceTree = "<group>";
		};
		D4C41BA71D35FBF200F2D5F0 = {
			isa = PBXGroup;
			children = (
				D4C41BB21D35FBF200F2D5F0 /* MyApp */,
				D4C41BC91D35FBF300F2D5F0 /* MyAppTests */,
				D4C41BD41D35FBF300F2D5F0 /* MyAppUITests */,
				D4C41BB11D35FBF200F2D5F0 /* Products */,
				9F73326F676991703980437F /* Pods */,
				E7B790C0B2E2794F8F333CF1 /* Frameworks */,
			);
			sourceTree = "<group>";
		};
		D4C41BB11D35FBF200F2D5F0 /* Products */ = {
			isa = PBXGroup;
			children = (
				D4C41BB01D35FBF200F2D5F0 /* MyApp.app */,
				D4C41BC61D35FBF300F2D5F0 /* MyAppTests.xctest */,
				D4C41BD11D35FBF300F2D5F0 /* MyAppUITests.xctest */,
			);
			name = Products;
			sourceTree = "<group>";
		};
		D4C41BB21D35FBF200F2D5F0 /* MyApp */ = {
			isa = PBXGroup;
			children = (
				D4C41BB31D35FBF200F2D5F0 /* AppDelegate.swift */,
				D4C41BB51D35FBF300F2D5F0 /* FirstViewController.swift */,
				D4C41BB71D35FBF300F2D5F0 /* SecondViewController.swift */,
				D4C41BB91D35FBF300F2D5F0 /* Main.storyboard */,
				D4C41BBC1D35FBF300F2D5F0 /* Assets.xcassets */,
				D4C41BBE1D35FBF300F2D5F0 /* LaunchScreen.storyboard */,
				D4C41BC11D35FBF300F2D5F0 /* Info.plist */,
			);
			path = MyApp;
			sourceTree = "<group>";
		};
		D4C41BC91D35FBF300F2D5F0 /* MyAppTests */ = {
			isa = PBXGroup;
			children = (
				D4C41BCA1D35FBF300F2D5F0 /* MyAppTests.swift */,
				D4C41BCC1D35FBF300F2D5F0 /* Info.plist */,
			);
			path = MyAppTests;
			sourceTree = "<group>";
		};
		D4C41BD41D35FBF300F2D5F0 /* MyAppUITests */ = {
			isa = PBXGroup;
			children = (
				D4C41BD51D35FBF300F2D5F0 /* MyAppUITests.swift */,
				D4C41BD71D35FBF300F2D5F0 /* Info.plist */,
			);
			path = MyAppUITests;
			sourceTree = "<group>";
		};
		E7B790C0B2E2794F8F333CF1 /* Frameworks */ = {
			isa = PBXGroup;
			children = (
				FAB31DACD7E10E885C7470DF /* Pods_MyApp.framework */,
				D98F75EAE44A2E71DD9B9E3D /* Pods_MyAppTests.framework */,
				4C6089017A421D678E425A1C /* Pods_MyAppUITests.framework */,
			);
			name = Frameworks;
			sourceTree = "<group>";
		};
/* End PBXGroup section */

/* Begin PBXNativeTarget section */
		D4C41BAF1D35FBF200F2D5F0 /* MyApp */ = {
			isa = PBXNativeTarget;
			buildConfigurationList = D4C41BDA1D35FBF300F2D5F0 /* Build configuration list for PBXNativeTarget "MyApp" */;
			buildPhases = (
				9FAA761974B311072FBDC8D7 /* [CP] Check Pods Manifest.lock */,
				D4C41BAC1D35FBF200F2D5F0 /* Sources */,
				D4C41BAD1D35FBF200F2D5F0 /* Frameworks */,
				D4C41BAE1D35FBF200F2D5F0 /* Resources */,
				0D1862A15A9CD3EA7C8153E7 /* [CP] Embed Pods Frameworks */,
				90C33A2F1AD41F006680248B /* [CP] Copy Pods Resources */,
			);
			buildRules = (
			);
			dependencies = (
			);
			name = MyApp;
			productName = MyApp;
			productReference = D4C41BB01D35FBF200F2D5F0 /* MyApp.app */;
			productType = "com.apple.product-type.application";
		};
		D4C41BC51D35FBF300F2D5F0 /* MyAppTests */ = {
			isa = PBXNativeTarget;
			buildConfigurationList = D4C41BDD1D35FBF300F2D5F0 /* Build configuration list for PBXNativeTarget "MyAppTests" */;
			buildPhases = (
				AD283E1585AF4857D7B2B7A6 /* [CP] Check Pods Manifest.lock */,
				D4C41BC21D35FBF300F2D5F0 /* Sources */,
				D4C41BC31D35FBF300F2D5F0 /* Frameworks */,
				D4C41BC41D35FBF300F2D5F0 /* Resources */,
				A09FB25828021C55FD41807B /* [CP] Embed Pods Frameworks */,
				66947B2BF9945F8D6EDA2E23 /* [CP] Copy Pods Resources */,
			);
			buildRules = (
			);
			dependencies = (
				D4C41BC81D35FBF300F2D5F0 /* PBXTargetDependency */,
			);
			name = MyAppTests;
			productName = MyAppTests;
			productReference = D4C41BC61D35FBF300F2D5F0 /* MyAppTests.xctest */;
			productType = "com.apple.product-type.bundle.unit-test";
		};
		D4C41BD01D35FBF300F2D5F0 /* MyAppUITests */ = {
			isa = PBXNativeTarget;
			buildConfigurationList = D4C41BE01D35FBF300F2D5F0 /* Build configuration list for PBXNativeTarget "MyAppUITests" */;
			buildPhases = (
				5752A84CE39876E9F710611F /* [CP] Check Pods Manifest.lock */,
				D4C41BCD1D35FBF300F2D5F0 /* Sources */,
				D4C41BCE1D35FBF300F2D5F0 /* Frameworks */,
				D4C41BCF1D35FBF300F2D5F0 /* Resources */,
				7DE83D7DB5D3A4CEB178BD2D /* [CP] Copy Pods Resources */,
			);
			buildRules = (
			);
			dependencies = (
				D4C41BD31D35FBF300F2D5F0 /* PBXTargetDependency */,
			);
			name = MyAppUITests;
			productName = MyAppUITests;
			productReference = D4C41BD11D35FBF300F2D5F0 /* MyAppUITests.xctest */;
			productType = "com.apple.product-type.bundle.ui-testing";
		};
/* End PBXNativeTarget section */

/* Begin PBXProject section */
		D4C41BA81D35FBF200F2D5F0 /* Project object */ = {
			isa = PBXProject;
			attributes = {
				LastSwiftUpdateCheck = 0730;
				LastUpgradeCheck = 0730;
				ORGANIZATIONNAME = "Kazuki Furukawa";
				TargetAttributes = {
					D4C41BAF1D35FBF200F2D5F0 = {
						CreatedOnToolsVersion = 7.3.1;
						DevelopmentTeam = QKV2NNMWV2;
					};
					D4C41BC51D35FBF300F2D5F0 = {
						CreatedOnToolsVersion = 7.3.1;
						TestTargetID = D4C41BAF1D35FBF200F2D5F0;
					};
					D4C41BD01D35FBF300F2D5F0 = {
						CreatedOnToolsVersion = 7.3.1;
						TestTargetID = D4C41BAF1D35FBF200F2D5F0;
					};
				};
			};
			buildConfigurationList = D4C41BAB1D35FBF200F2D5F0 /* Build configuration list for PBXProject "MyApp" */;
			compatibilityVersion = "Xcode 3.2";
			developmentRegion = English;
			hasScannedForEncodings = 0;
			knownRegions = (
				en,
				Base,
			);
			mainGroup = D4C41BA71D35FBF200F2D5F0;
			productRefGroup = D4C41BB11D35FBF200F2D5F0 /* Products */;
			projectDirPath = "";
			projectRoot = "";
			targets = (
				D4C41BAF1D35FBF200F2D5F0 /* MyApp */,
				D4C41BC51D35FBF300F2D5F0 /* MyAppTests */,
				D4C41BD01D35FBF300F2D5F0 /* MyAppUITests */,
			);
		};
/* End PBXProject section */

/* Begin PBXResourcesBuildPhase section */
		D4C41BAE1D35FBF200F2D5F0 /* Resources */ = {
			isa = PBXResourcesBuildPhase;
			buildActionMask = 2147483647;
			files = (
				D4C41BC01D35FBF300F2D5F0 /* LaunchScreen.storyboard in Resources */,
				D4C41BBD1D35FBF300F2D5F0 /* Assets.xcassets in Resources */,
				D4C41BBB1D35FBF300F2D5F0 /* Main.storyboard in Resources */,
			);
			runOnlyForDeploymentPostprocessing = 0;
		};
		D4C41BC41D35FBF300F2D5F0 /* Resources */ = {
			isa = PBXResourcesBuildPhase;
			buildActionMask = 2147483647;
			files = (
			);
			runOnlyForDeploymentPostprocessing = 0;
		};
		D4C41BCF1D35FBF300F2D5F0 /* Resources */ = {
			isa = PBXResourcesBuildPhase;
			buildActionMask = 2147483647;
			files = (
			);
			runOnlyForDeploymentPostprocessing = 0;
		};
/* End PBXResourcesBuildPhase section */

/* Begin PBXShellScriptBuildPhase section */
		0D1862A15A9CD3EA7C8153E7 /* [CP] Embed Pods Frameworks */ = {
			isa = PBXShellScriptBuildPhase;
			buildActionMask = 2147483647;
			files = (
			);
			inputPaths = (
			);
			name = "[CP] Embed Pods Frameworks";
			outputPaths = (
			);
			runOnlyForDeploymentPostprocessing = 0;
			shellPath = /bin/sh;
			shellScript = "\"${SRCROOT}/Pods/Target Support Files/Pods-MyApp/Pods-MyApp-frameworks.sh\"\n";
			showEnvVarsInLog = 0;
		};
		5752A84CE39876E9F710611F /* [CP] Check Pods Manifest.lock */ = {
			isa = PBXShellScriptBuildPhase;
			buildActionMask = 2147483647;
			files = (
			);
			inputPaths = (
			);
			name = "[CP] Check Pods Manifest.lock";
			outputPaths = (
			);
			runOnlyForDeploymentPostprocessing = 0;
			shellPath = /bin/sh;
			shellScript = "diff \"${PODS_ROOT}/../Podfile.lock\" \"${PODS_ROOT}/Manifest.lock\" > /dev/null\nif [[ $? != 0 ]] ; then\n    cat << EOM\nerror: The sandbox is not in sync with the Podfile.lock. Run 'pod install' or update your CocoaPods installation.\nEOM\n    exit 1\nfi\n";
			showEnvVarsInLog = 0;
		};
		66947B2BF9945F8D6EDA2E23 /* [CP] Copy Pods Resources */ = {
			isa = PBXShellScriptBuildPhase;
			buildActionMask = 2147483647;
			files = (
			);
			inputPaths = (
			);
			name = "[CP] Copy Pods Resources";
			outputPaths = (
			);
			runOnlyForDeploymentPostprocessing = 0;
			shellPath = /bin/sh;
			shellScript = "\"${SRCROOT}/Pods/Target Support Files/Pods-MyAppTests/Pods-MyAppTests-resources.sh\"\n";
			showEnvVarsInLog = 0;
		};
		7DE83D7DB5D3A4CEB178BD2D /* [CP] Copy Pods Resources */ = {
			isa = PBXShellScriptBuildPhase;
			buildActionMask = 2147483647;
			files = (
			);
			inputPaths = (
			);
			name = "[CP] Copy Pods Resources";
			outputPaths = (
			);
			runOnlyForDeploymentPostprocessing = 0;
			shellPath = /bin/sh;
			shellScript = "\"${SRCROOT}/Pods/Target Support Files/Pods-MyAppUITests/Pods-MyAppUITests-resources.sh\"\n";
			showEnvVarsInLog = 0;
		};
		90C33A2F1AD41F006680248B /* [CP] Copy Pods Resources */ = {
			isa = PBXShellScriptBuildPhase;
			buildActionMask = 2147483647;
			files = (
			);
			inputPaths = (
			);
			name = "[CP] Copy Pods Resources";
			outputPaths = (
			);
			runOnlyForDeploymentPostprocessing = 0;
			shellPath = /bin/sh;
			shellScript = "\"${SRCROOT}/Pods/Target Support Files/Pods-MyApp/Pods-MyApp-resources.sh\"\n";
			showEnvVarsInLog = 0;
		};
		9FAA761974B311072FBDC8D7 /* [CP] Check Pods Manifest.lock */ = {
			isa = PBXShellScriptBuildPhase;
			buildActionMask = 2147483647;
			files = (
			);
			inputPaths = (
			);
			name = "[CP] Check Pods Manifest.lock";
			outputPaths = (
			);
			runOnlyForDeploymentPostprocessing = 0;
			shellPath = /bin/sh;
			shellScript = "diff \"${PODS_ROOT}/../Podfile.lock\" \"${PODS_ROOT}/Manifest.lock\" > /dev/null\nif [[ $? != 0 ]] ; then\n    cat << EOM\nerror: The sandbox is not in sync with the Podfile.lock. Run 'pod install' or update your CocoaPods installation.\nEOM\n    exit 1\nfi\n";
			showEnvVarsInLog = 0;
		};
		A09FB25828021C55FD41807B /* [CP] Embed Pods Frameworks */ = {
			isa = PBXShellScriptBuildPhase;
			buildActionMask = 2147483647;
			files = (
			);
			inputPaths = (
			);
			name = "[CP] Embed Pods Frameworks";
			outputPaths = (
			);
			runOnlyForDeploymentPostprocessing = 0;
			shellPath = /bin/sh;
			shellScript = "\"${SRCROOT}/Pods/Target Support Files/Pods-MyAppTests/Pods-MyAppTests-frameworks.sh\"\n";
			showEnvVarsInLog = 0;
		};
		AD283E1585AF4857D7B2B7A6 /* [CP] Check Pods Manifest.lock */ = {
			isa = PBXShellScriptBuildPhase;
			buildActionMask = 2147483647;
			files = (
			);
			inputPaths = (
			);
			name = "[CP] Check Pods Manifest.lock";
			outputPaths = (
			);
			runOnlyForDeploymentPostprocessing = 0;
			shellPath = /bin/sh;
			shellScript = "diff \"${PODS_ROOT}/../Podfile.lock\" \"${PODS_ROOT}/Manifest.lock\" > /dev/null\nif [[ $? != 0 ]] ; then\n    cat << EOM\nerror: The sandbox is not in sync with the Podfile.lock. Run 'pod install' or update your CocoaPods installation.\nEOM\n    exit 1\nfi\n";
			showEnvVarsInLog = 0;
		};
/* End PBXShellScriptBuildPhase section */

/* Begin PBXSourcesBuildPhase section */
		D4C41BAC1D35FBF200F2D5F0 /* Sources */ = {
			isa = PBXSourcesBuildPhase;
			buildActionMask = 2147483647;
			files = (
				D4C41BB81D35FBF300F2D5F0 /* SecondViewController.swift in Sources */,
				D4C41BB41D35FBF200F2D5F0 /* AppDelegate.swift in Sources */,
				D4C41BB61D35FBF300F2D5F0 /* FirstViewController.swift in Sources */,
			);
			runOnlyForDeploymentPostprocessing = 0;
		};
		D4C41BC21D35FBF300F2D5F0 /* Sources */ = {
			isa = PBXSourcesBuildPhase;
			buildActionMask = 2147483647;
			files = (
				D4C41BCB1D35FBF300F2D5F0 /* MyAppTests.swift in Sources */,
			);
			runOnlyForDeploymentPostprocessing = 0;
		};
		D4C41BCD1D35FBF300F2D5F0 /* Sources */ = {
			isa = PBXSourcesBuildPhase;
			buildActionMask = 2147483647;
			files = (
				D4C41BD61D35FBF300F2D5F0 /* MyAppUITests.swift in Sources */,
			);
			runOnlyForDeploymentPostprocessing = 0;
		};
/* End PBXSourcesBuildPhase section */

/* Begin PBXTargetDependency section */
		D4C41BC81D35FBF300F2D5F0 /* PBXTargetDependency */ = {
			isa = PBXTargetDependency;
			target = D4C41BAF1D35FBF200F2D5F0 /* MyApp */;
			targetProxy = D4C41BC71D35FBF300F2D5F0 /* PBXContainerItemProxy */;
		};
		D4C41BD31D35FBF300F2D5F0 /* PBXTargetDependency */ = {
			isa = PBXTargetDependency;
			target = D4C41BAF1D35FBF200F2D5F0 /* MyApp */;
			targetProxy = D4C41BD21D35FBF300F2D5F0 /* PBXContainerItemProxy */;
		};
/* End PBXTargetDependency section */

/* Begin PBXVariantGroup section */
		D4C41BB91D35FBF300F2D5F0 /* Main.storyboard */ = {
			isa = PBXVariantGroup;
			children = (
				D4C41BBA1D35FBF300F2D5F0 /* Base */,
			);
			name = Main.storyboard;
			sourceTree = "<group>";
		};
		D4C41BBE1D35FBF300F2D5F0 /* LaunchScreen.storyboard */ = {
			isa = PBXVariantGroup;
			children = (
				D4C41BBF1D35FBF300F2D5F0 /* Base */,
			);
			name = LaunchScreen.storyboard;
			sourceTree = "<group>";
		};
/* End PBXVariantGroup section */

/* Begin XCBuildConfiguration section */
		D4C41BD81D35FBF300F2D5F0 /* Debug */ = {
			isa = XCBuildConfiguration;
			buildSettings = {
				ALWAYS_SEARCH_USER_PATHS = NO;
				CLANG_ANALYZER_NONNULL = YES;
				CLANG_CXX_LANGUAGE_STANDARD = "gnu++0x";
				CLANG_CXX_LIBRARY = "libc++";
				CLANG_ENABLE_MODULES = YES;
				CLANG_ENABLE_OBJC_ARC = YES;
				CLANG_WARN_BOOL_CONVERSION = YES;
				CLANG_WARN_CONSTANT_CONVERSION = YES;
				CLANG_WARN_DIRECT_OBJC_ISA_USAGE = YES_ERROR;
				CLANG_WARN_EMPTY_BODY = YES;
				CLANG_WARN_ENUM_CONVERSION = YES;
				CLANG_WARN_INT_CONVERSION = YES;
				CLANG_WARN_OBJC_ROOT_CLASS = YES_ERROR;
				CLANG_WARN_UNREACHABLE_CODE = YES;
				CLANG_WARN__DUPLICATE_METHOD_MATCH = YES;
				"CODE_SIGN_IDENTITY[sdk=iphoneos*]" = "iPhone Developer";
				COPY_PHASE_STRIP = NO;
				DEBUG_INFORMATION_FORMAT = dwarf;
				ENABLE_STRICT_OBJC_MSGSEND = YES;
				ENABLE_TESTABILITY = YES;
				GCC_C_LANGUAGE_STANDARD = gnu99;
				GCC_DYNAMIC_NO_PIC = NO;
				GCC_NO_COMMON_BLOCKS = YES;
				GCC_OPTIMIZATION_LEVEL = 0;
				GCC_PREPROCESSOR_DEFINITIONS = (
					"DEBUG=1",
					"$(inherited)",
				);
				GCC_WARN_64_TO_32_BIT_CONVERSION = YES;
				GCC_WARN_ABOUT_RETURN_TYPE = YES_ERROR;
				GCC_WARN_UNDECLARED_SELECTOR = YES;
				GCC_WARN_UNINITIALIZED_AUTOS = YES_AGGRESSIVE;
				GCC_WARN_UNUSED_FUNCTION = YES;
				GCC_WARN_UNUSED_VARIABLE = YES;
				IPHONEOS_DEPLOYMENT_TARGET = 9.3;
				MTL_ENABLE_DEBUG_INFO = YES;
				ONLY_ACTIVE_ARCH = YES;
				SDKROOT = iphoneos;
				SWIFT_OPTIMIZATION_LEVEL = "-Onone";
				TARGETED_DEVICE_FAMILY = "1,2";
			};
			name = Debug;
		};
		D4C41BD91D35FBF300F2D5F0 /* Release */ = {
			isa = XCBuildConfiguration;
			buildSettings = {
				ALWAYS_SEARCH_USER_PATHS = NO;
				CLANG_ANALYZER_NONNULL = YES;
				CLANG_CXX_LANGUAGE_STANDARD = "gnu++0x";
				CLANG_CXX_LIBRARY = "libc++";
				CLANG_ENABLE_MODULES = YES;
				CLANG_ENABLE_OBJC_ARC = YES;
				CLANG_WARN_BOOL_CONVERSION = YES;
				CLANG_WARN_CONSTANT_CONVERSION = YES;
				CLANG_WARN_DIRECT_OBJC_ISA_USAGE = YES_ERROR;
				CLANG_WARN_EMPTY_BODY = YES;
				CLANG_WARN_ENUM_CONVERSION = YES;
				CLANG_WARN_INT_CONVERSION = YES;
				CLANG_WARN_OBJC_ROOT_CLASS = YES_ERROR;
				CLANG_WARN_UNREACHABLE_CODE = YES;
				CLANG_WARN__DUPLICATE_METHOD_MATCH = YES;
				"CODE_SIGN_IDENTITY[sdk=iphoneos*]" = "iPhone Developer";
				COPY_PHASE_STRIP = NO;
				DEBUG_INFORMATION_FORMAT = "dwarf-with-dsym";
				ENABLE_NS_ASSERTIONS = NO;
				ENABLE_STRICT_OBJC_MSGSEND = YES;
				GCC_C_LANGUAGE_STANDARD = gnu99;
				GCC_NO_COMMON_BLOCKS = YES;
				GCC_WARN_64_TO_32_BIT_CONVERSION = YES;
				GCC_WARN_ABOUT_RETURN_TYPE = YES_ERROR;
				GCC_WARN_UNDECLARED_SELECTOR = YES;
				GCC_WARN_UNINITIALIZED_AUTOS = YES_AGGRESSIVE;
				GCC_WARN_UNUSED_FUNCTION = YES;
				GCC_WARN_UNUSED_VARIABLE = YES;
				IPHONEOS_DEPLOYMENT_TARGET = 9.3;
				MTL_ENABLE_DEBUG_INFO = NO;
				SDKROOT = iphoneos;
				TARGETED_DEVICE_FAMILY = "1,2";
				VALIDATE_PRODUCT = YES;
			};
			name = Release;
		};
		D4C41BDB1D35FBF300F2D5F0 /* Debug */ = {
			isa = XCBuildConfiguration;
			baseConfigurationReference = 024C6D984A857B1AE0962C39 /* Pods-MyApp.debug.xcconfig */;
			buildSettings = {
				ASSETCATALOG_COMPILER_APPICON_NAME = AppIcon;
				CODE_SIGN_IDENTITY = "iPhone Developer";
				"CODE_SIGN_IDENTITY[sdk=iphoneos*]" = "iPhone Developer";
				INFOPLIST_FILE = MyApp/Info.plist;
				LD_RUNPATH_SEARCH_PATHS = "$(inherited) @executable_path/Frameworks";
				PRODUCT_BUNDLE_IDENTIFIER = kazuki.MyApp;
				PRODUCT_NAME = "$(TARGET_NAME)";
				PROVISIONING_PROFILE = "";
				TARGETED_DEVICE_FAMILY = "1,2";
			};
			name = Debug;
		};
		D4C41BDC1D35FBF300F2D5F0 /* Release */ = {
			isa = XCBuildConfiguration;
			baseConfigurationReference = 3779C07F3BBFB148D7751538 /* Pods-MyApp.release.xcconfig */;
			buildSettings = {
				ASSETCATALOG_COMPILER_APPICON_NAME = AppIcon;
				CODE_SIGN_IDENTITY = "iPhone Developer";
				"CODE_SIGN_IDENTITY[sdk=iphoneos*]" = "iPhone Developer";
				INFOPLIST_FILE = MyApp/Info.plist;
				LD_RUNPATH_SEARCH_PATHS = "$(inherited) @executable_path/Frameworks";
				PRODUCT_BUNDLE_IDENTIFIER = kazuki.MyApp;
				PRODUCT_NAME = "$(TARGET_NAME)";
				PROVISIONING_PROFILE = "";
				TARGETED_DEVICE_FAMILY = "1,2";
			};
			name = Release;
		};
		D4C41BDE1D35FBF300F2D5F0 /* Debug */ = {
			isa = XCBuildConfiguration;
			baseConfigurationReference = 8FC80CFCB62C5293780CC195 /* Pods-MyAppTests.debug.xcconfig */;
			buildSettings = {
				BUNDLE_LOADER = "$(TEST_HOST)";
				INFOPLIST_FILE = MyAppTests/Info.plist;
				LD_RUNPATH_SEARCH_PATHS = "$(inherited) @executable_path/Frameworks @loader_path/Frameworks";
				PRODUCT_BUNDLE_IDENTIFIER = kazuki.MyAppTests;
				PRODUCT_NAME = "$(TARGET_NAME)";
				TEST_HOST = "$(BUILT_PRODUCTS_DIR)/MyApp.app/MyApp";
			};
			name = Debug;
		};
		D4C41BDF1D35FBF300F2D5F0 /* Release */ = {
			isa = XCBuildConfiguration;
			baseConfigurationReference = 4248F758992169CEC2C1B16A /* Pods-MyAppTests.release.xcconfig */;
			buildSettings = {
				BUNDLE_LOADER = "$(TEST_HOST)";
				INFOPLIST_FILE = MyAppTests/Info.plist;
				LD_RUNPATH_SEARCH_PATHS = "$(inherited) @executable_path/Frameworks @loader_path/Frameworks";
				PRODUCT_BUNDLE_IDENTIFIER = kazuki.MyAppTests;
				PRODUCT_NAME = "$(TARGET_NAME)";
				TEST_HOST = "$(BUILT_PRODUCTS_DIR)/MyApp.app/MyApp";
			};
			name = Release;
		};
		D4C41BE11D35FBF300F2D5F0 /* Debug */ = {
			isa = XCBuildConfiguration;
			baseConfigurationReference = 5793E5F66751CA19E6094DFA /* Pods-MyAppUITests.debug.xcconfig */;
			buildSettings = {
				INFOPLIST_FILE = MyAppUITests/Info.plist;
				LD_RUNPATH_SEARCH_PATHS = "$(inherited) @executable_path/Frameworks @loader_path/Frameworks";
				PRODUCT_BUNDLE_IDENTIFIER = kazuki.MyAppUITests;
				PRODUCT_NAME = "$(TARGET_NAME)";
				TEST_TARGET_NAME = MyApp;
			};
			name = Debug;
		};
		D4C41BE21D35FBF300F2D5F0 /* Release */ = {
			isa = XCBuildConfiguration;
			baseConfigurationReference = D5EB0C6F33E23BFC1878AFF6 /* Pods-MyAppUITests.release.xcconfig */;
			buildSettings = {
				INFOPLIST_FILE = MyAppUITests/Info.plist;
				LD_RUNPATH_SEARCH_PATHS = "$(inherited) @executable_path/Frameworks @loader_path/Frameworks";
				PRODUCT_BUNDLE_IDENTIFIER = kazuki.MyAppUITests;
				PRODUCT_NAME = "$(TARGET_NAME)";
				TEST_TARGET_NAME = MyApp;
			};
			name = Release;
		};
/* End XCBuildConfiguration section */

/* Begin XCConfigurationList section */
		D4C41BAB1D35FBF200F2D5F0 /* Build configuration list for PBXProject "MyApp" */ = {
			isa = XCConfigurationList;
			buildConfigurations = (
				D4C41BD81D35FBF300F2D5F0 /* Debug */,
				D4C41BD91D35FBF300F2D5F0 /* Release */,
			);
			defaultConfigurationIsVisible = 0;
			defaultConfigurationName = Release;
		};
		D4C41BDA1D35FBF300F2D5F0 /* Build configuration list for PBXNativeTarget "MyApp" */ = {
			isa = XCConfigurationList;
			buildConfigurations = (
				D4C41BDB1D35FBF300F2D5F0 /* Debug */,
				D4C41BDC1D35FBF300F2D5F0 /* Release */,
			);
			defaultConfigurationIsVisible = 0;
			defaultConfigurationName = Release;
		};
		D4C41BDD1D35FBF300F2D5F0 /* Build configuration list for PBXNativeTarget "MyAppTests" */ = {
			isa = XCConfigurationList;
			buildConfigurations = (
				D4C41BDE1D35FBF300F2D5F0 /* Debug */,
				D4C41BDF1D35FBF300F2D5F0 /* Release */,
			);
			defaultConfigurationIsVisible = 0;
			defaultConfigurationName = Release;
		};
		D4C41BE01D35FBF300F2D5F0 /* Build configuration list for PBXNativeTarget "MyAppUITests" */ = {
			isa = XCConfigurationList;
			buildConfigurations = (
				D4C41BE11D35FBF300F2D5F0 /* Debug */,
				D4C41BE21D35FBF300F2D5F0 /* Release */,
			);
			defaultConfigurationIsVisible = 0;
			defaultConfigurationName = Release;
		};
/* End XCConfigurationList section */
	};
	rootObject = D4C41BA81D35FBF200F2D5F0 /* Project object */;
}
